{
    "_readme": [
        "This file locks the dependencies of your project to a known state",
        "Read more about it at https://getcomposer.org/doc/01-basic-usage.md#installing-dependencies",
        "This file is @generated automatically"
    ],
    "content-hash": "3cce395fcdd3e3c3a54d1772fc80b0f8",
    "packages": [
        {
            "name": "phpoffice/math",
            "version": "0.3.0",
            "source": {
                "type": "git",
                "url": "https://github.com/PHPOffice/Math.git",
                "reference": "fc31c8f57a7a81f962cbf389fd89f4d9d06fc99a"
            },
            "dist": {
                "type": "zip",
                "url": "https://api.github.com/repos/PHPOffice/Math/zipball/fc31c8f57a7a81f962cbf389fd89f4d9d06fc99a",
                "reference": "fc31c8f57a7a81f962cbf389fd89f4d9d06fc99a",
                "shasum": ""
            },
            "require": {
                "ext-dom": "*",
                "ext-xml": "*",
                "php": "^7.1|^8.0"
            },
            "require-dev": {
                "phpstan/phpstan": "^0.12.88 || ^1.0.0",
                "phpunit/phpunit": "^7.0 || ^9.0"
            },
            "type": "library",
            "autoload": {
                "psr-4": {
                    "PhpOffice\\Math\\": "src/Math/"
                }
            },
            "notification-url": "https://packagist.org/downloads/",
            "license": [
                "MIT"
            ],
            "authors": [
                {
                    "name": "Progi1984",
                    "homepage": "https://lefevre.dev"
                }
            ],
            "description": "Math - Manipulate Math Formula",
            "homepage": "https://phpoffice.github.io/Math/",
            "keywords": [
                "MathML",
                "officemathml",
                "php"
            ],
            "support": {
                "issues": "https://github.com/PHPOffice/Math/issues",
                "source": "https://github.com/PHPOffice/Math/tree/0.3.0"
            },
            "time": "2025-05-29T08:31:49+00:00"
        },
        {
            "name": "phpoffice/phpword",
            "version": "1.4.0",
            "source": {
                "type": "git",
                "url": "https://github.com/PHPOffice/PHPWord.git",
                "reference": "6d75328229bc93790b37e93741adf70646cea958"
            },
            "dist": {
                "type": "zip",
                "url": "https://api.github.com/repos/PHPOffice/PHPWord/zipball/6d75328229bc93790b37e93741adf70646cea958",
                "reference": "6d75328229bc93790b37e93741adf70646cea958",
                "shasum": ""
            },
            "require": {
                "ext-dom": "*",
                "ext-gd": "*",
                "ext-json": "*",
                "ext-xml": "*",
                "ext-zip": "*",
                "php": "^7.1|^8.0",
                "phpoffice/math": "^0.3"
            },
            "require-dev": {
                "dompdf/dompdf": "^2.0 || ^3.0",
                "ext-libxml": "*",
                "friendsofphp/php-cs-fixer": "^3.3",
                "mpdf/mpdf": "^7.0 || ^8.0",
                "phpmd/phpmd": "^2.13",
                "phpstan/phpstan": "^0.12.88 || ^1.0.0",
                "phpstan/phpstan-phpunit": "^1.0 || ^2.0",
                "phpunit/phpunit": ">=7.0",
                "symfony/process": "^4.4 || ^5.0",
                "tecnickcom/tcpdf": "^6.5"
            },
            "suggest": {
                "dompdf/dompdf": "Allows writing PDF",
                "ext-xmlwriter": "Allows writing OOXML and ODF",
                "ext-xsl": "Allows applying XSL style sheet to headers, to main document part, and to footers of an OOXML template"
            },
            "type": "library",
            "autoload": {
                "psr-4": {
                    "PhpOffice\\PhpWord\\": "src/PhpWord"
                }
            },
            "notification-url": "https://packagist.org/downloads/",
            "license": [
                "LGPL-3.0-only"
            ],
            "authors": [
                {
                    "name": "Mark Baker"
                },
                {
                    "name": "Gabriel Bull",
                    "email": "me@gabrielbull.com",
                    "homepage": "http://gabrielbull.com/"
                },
                {
                    "name": "Franck Lefevre",
                    "homepage": "https://rootslabs.net/blog/"
                },
                {
                    "name": "Ivan Lanin",
                    "homepage": "http://ivan.lanin.org"
                },
                {
                    "name": "Roman Syroeshko",
                    "homepage": "http://ru.linkedin.com/pub/roman-syroeshko/34/a53/994/"
                },
                {
                    "name": "Antoine de Troostembergh"
                }
            ],
            "description": "PHPWord - A pure PHP library for reading and writing word processing documents (OOXML, ODF, RTF, HTML, PDF)",
            "homepage": "https://phpoffice.github.io/PHPWord/",
            "keywords": [
                "ISO IEC 29500",
                "OOXML",
                "Office Open XML",
                "OpenDocument",
                "OpenXML",
                "PhpOffice",
                "PhpWord",
                "Rich Text Format",
                "WordprocessingML",
                "doc",
                "docx",
                "html",
                "odf",
                "odt",
                "office",
                "pdf",
                "php",
                "reader",
                "rtf",
                "template",
                "template processor",
                "word",
                "writer"
            ],
            "support": {
                "issues": "https://github.com/PHPOffice/PHPWord/issues",
                "source": "https://github.com/PHPOffice/PHPWord/tree/1.4.0"
            },
            "time": "2025-06-05T10:32:36+00:00"
        },
        {
            "name": "setasign/fpdf",
            "version": "1.8.6",
            "source": {
                "type": "git",
                "url": "https://github.com/Setasign/FPDF.git",
                "reference": "0838e0ee4925716fcbbc50ad9e1799b5edfae0a0"
            },
            "dist": {
                "type": "zip",
                "url": "https://api.github.com/repos/Setasign/FPDF/zipball/0838e0ee4925716fcbbc50ad9e1799b5edfae0a0",
                "reference": "0838e0ee4925716fcbbc50ad9e1799b5edfae0a0",
                "shasum": ""
            },
            "require": {
                "ext-gd": "*",
                "ext-zlib": "*"
            },
            "type": "library",
            "autoload": {
                "classmap": [
                    "fpdf.php"
                ]
            },
            "notification-url": "https://packagist.org/downloads/",
            "license": [
                "MIT"
            ],
            "authors": [
                {
                    "name": "Olivier Plathey",
                    "email": "oliver@fpdf.org",
                    "homepage": "http://fpdf.org/"
                }
            ],
            "description": "FPDF is a PHP class which allows to generate PDF files with pure PHP. F from FPDF stands for Free: you may use it for any kind of usage and modify it to suit your needs.",
            "homepage": "http://www.fpdf.org",
            "keywords": [
                "fpdf",
                "pdf"
            ],
            "support": {
                "source": "https://github.com/Setasign/FPDF/tree/1.8.6"
            },
            "time": "2023-06-26T14:44:25+00:00"
        },
        {
            "name": "setasign/fpdi",
            "version": "v2.6.7",
            "source": {
                "type": "git",
                "url": "https://github.com/Setasign/FPDI.git",
                "reference": "388c51e69982a3fc16698710b763e8107a49f510"
            },
            "dist": {
                "type": "zip",
                "url": "https://api.github.com/repos/Setasign/FPDI/zipball/388c51e69982a3fc16698710b763e8107a49f510",
                "reference": "388c51e69982a3fc16698710b763e8107a49f510",
                "shasum": ""
            },
            "require": {
                "ext-zlib": "*",
                "php": ">=7.2 <=8.5.99999"
            },
            "conflict": {
                "setasign/tfpdf": "<1.31"
            },
            "require-dev": {
                "phpunit/phpunit": "^8.5.52",
                "setasign/fpdf": "~1.8.6",
                "setasign/tfpdf": "~1.33",
                "squizlabs/php_codesniffer": "^3.5",
                "tecnickcom/tcpdf": "^6.8"
            },
            "suggest": {
                "setasign/fpdf": "FPDI will extend this class but as it is also possible to use TCPDF or tFPDF as an alternative. There's no fixed dependency configured."
            },
            "type": "library",
            "autoload": {
                "psr-4": {
                    "setasign\\Fpdi\\": "src/"
                }
            },
            "notification-url": "https://packagist.org/downloads/",
            "license": [
                "MIT"
            ],
            "authors": [
                {
                    "name": "Jan Slabon",
                    "email": "jan.slabon@setasign.com",
                    "homepage": "https://www.setasign.com"
                },
                {
                    "name": "Maximilian Kresse",
                    "email": "maximilian.kresse@setasign.com",
                    "homepage": "https://www.setasign.com"
                }
            ],
            "description": "FPDI is a collection of PHP classes facilitating developers to read pages from existing PDF documents and use them as templates in FPDF. Because it is also possible to use FPDI with TCPDF, there are no fixed dependencies defined. Please see suggestions for packages which evaluates the dependencies automatically.",
            "homepage": "https://www.setasign.com/fpdi",
            "keywords": [
                "fpdf",
                "fpdi",
                "pdf"
            ],
            "support": {
                "issues": "https://github.com/Setasign/FPDI/issues",
                "source": "https://github.com/Setasign/FPDI/tree/v2.6.7"
            },
            "funding": [
                {
                    "url": "https://tidelift.com/funding/github/packagist/setasign/fpdi",
                    "type": "tidelift"
                }
            ],
            "time": "2026-05-13T10:16:22+00:00"
        }
    ],
    "packages-dev": [],
    "aliases": [],
    "minimum-stability": "stable",
    "stability-flags": {},
    "prefer-stable": false,
    "prefer-lowest": false,
    "platform": {},
    "platform-dev": {},
    "plugin-api-version": "2.9.0"
}
